
Microsoft Visual Studio Solution File, Format Version 12.00
# Visual Studio Version 17
VisualStudioVersion = 17.9.34728.123
MinimumVisualStudioVersion = 10.0.40219.1
Project("{9A19103F-16F7-4668-BE54-9A1E7A4F7556}") = "TrilhaApiDesafio", "TrilhaApiDesafio.csproj", "{AF55CFFE-8B93-424C-AEA4-31E7E3A34423}"
EndProject
Global
	GlobalSection(SolutionConfigurationPlatforms) = preSolution
		Debug|Any CPU = Debug|Any CPU
		Release|Any CPU = Release|Any CPU
	EndGlobalSection
	GlobalSection(ProjectConfigurationPlatforms) = postSolution
		{AF55CFFE-8B93-424C-AEA4-31E7E3A34423}.Debug|Any CPU.ActiveCfg = Debug|Any CPU
		{AF55CFFE-8B93-424C-AEA4-31E7E3A34423}.Debug|Any CPU.Build.0 = Debug|Any CPU
		{AF55CFFE-8B93-424C-AEA4-31E7E3A34423}.Release|Any CPU.ActiveCfg = Release|Any CPU
		{AF55CFFE-8B93-424C-AEA4-31E7E3A34423}.Release|Any CPU.Build.0 = Release|Any CPU
	EndGlobalSection
	GlobalSection(SolutionProperties) = preSolution
		HideSolutionNode = FALSE
	EndGlobalSection
	GlobalSection(ExtensibilityGlobals) = postSolution
		SolutionGuid = {1FD5FE67-72F6-4BB8-8D0D-0A9161BAA03C}
	EndGlobalSection
EndGlobal
